
Microsoft Visual Studio Solution File, Format Version 12.00
# Visual Studio Version 17
VisualStudioVersion = 17.0.32112.339
MinimumVisualStudioVersion = 10.0.40219.1
Project("{FAE04EC0-301F-11D3-BF4B-00C04F79EFBC}") = "GameBack", "GameBack\GameBack.csproj", "{48E69B34-DC11-47CE-B176-BD4C51BBD616}"
EndProject
Global
	GlobalSection(SolutionConfigurationPlatforms) = preSolution
		Debug|Any CPU = Debug|Any CPU
		Release|Any CPU = Release|Any CPU
	EndGlobalSection
	GlobalSection(ProjectConfigurationPlatforms) = postSolution
		{48E69B34-DC11-47CE-B176-BD4C51BBD616}.Debug|Any CPU.ActiveCfg = Debug|Any CPU
		{48E69B34-DC11-47CE-B176-BD4C51BBD616}.Debug|Any CPU.Build.0 = Debug|Any CPU
		{48E69B34-DC11-47CE-B176-BD4C51BBD616}.Release|Any CPU.ActiveCfg = Release|Any CPU
		{48E69B34-DC11-47CE-B176-BD4C51BBD616}.Release|Any CPU.Build.0 = Release|Any CPU
	EndGlobalSection
	GlobalSection(SolutionProperties) = preSolution
		HideSolutionNode = FALSE
	EndGlobalSection
	GlobalSection(ExtensibilityGlobals) = postSolution
		SolutionGuid = {B5A45E83-83C5-4310-A57E-BEEE5A58B1B5}
	EndGlobalSection
EndGlobal
